// !$*UTF8*$!
{
	archiveVersion = 1;
	classes = {
	};
	objectVersion = 55;
	objects = {

/* Begin PBXBuildFile section */
		287EE43B2AD1BC2100CB9D16 /* AppDelegate.swift in Sources */ = {isa = PBXBuildFile; fileRef = 287EE43A2AD1BC2100CB9D16 /* AppDelegate.swift */; };
		287EE43D2AD1BC2100CB9D16 /* SceneDelegate.swift in Sources */ = {isa = PBXBuildFile; fileRef = 287EE43C2AD1BC2100CB9D16 /* SceneDelegate.swift */; };
		287EE4442AD1BC2200CB9D16 /* Assets.xcassets in Resources */ = {isa = PBXBuildFile; fileRef = 287EE4432AD1BC2200CB9D16 /* Assets.xcassets */; };
		287EE4472AD1BC2200CB9D16 /* LaunchScreen.storyboard in Resources */ = {isa = PBXBuildFile; fileRef = 287EE4452AD1BC2200CB9D16 /* LaunchScreen.storyboard */; };
		287EE4522AD1BC2200CB9D16 /* NaiylTests.swift in Sources */ = {isa = PBXBuildFile; fileRef = 287EE4512AD1BC2200CB9D16 /* NaiylTests.swift */; };
		287EE45C2AD1BC2200CB9D16 /* NaiylUITests.swift in Sources */ = {isa = PBXBuildFile; fileRef = 287EE45B2AD1BC2200CB9D16 /* NaiylUITests.swift */; };
		287EE45E2AD1BC2200CB9D16 /* NaiylUITestsLaunchTests.swift in Sources */ = {isa = PBXBuildFile; fileRef = 287EE45D2AD1BC2200CB9D16 /* NaiylUITestsLaunchTests.swift */; };
		6258434F33C940EE43915004 /* Pods_Naiyl_NaiylUITests.framework in Frameworks */ = {isa = PBXBuildFile; fileRef = 384CC9782E344BC83E7D7EE9 /* Pods_Naiyl_NaiylUITests.framework */; };
		AA14342312223650C2198BF6 /* Pods_NaiylTests.framework in Frameworks */ = {isa = PBXBuildFile; fileRef = 7B032AEC9F18A0AD715DDCD4 /* Pods_NaiylTests.framework */; };
		E9996EE2C386C866E3D9D27D /* Pods_Naiyl.framework in Frameworks */ = {isa = PBXBuildFile; fileRef = 370AFDEAC4953C91DE67F087 /* Pods_Naiyl.framework */; };
/* End PBXBuildFile section */

/* Begin PBXContainerItemProxy section */
		287EE44E2AD1BC2200CB9D16 /* PBXContainerItemProxy */ = {
			isa = PBXContainerItemProxy;
			containerPortal = 287EE42F2AD1BC2100CB9D16 /* Project object */;
			proxyType = 1;
			remoteGlobalIDString = 287EE4362AD1BC2100CB9D16;
			remoteInfo = Naiyl;
		};
		287EE4582AD1BC2200CB9D16 /* PBXContainerItemProxy */ = {
			isa = PBXContainerItemProxy;
			containerPortal = 287EE42F2AD1BC2100CB9D16 /* Project object */;
			proxyType = 1;
			remoteGlobalIDString = 287EE4362AD1BC2100CB9D16;
			remoteInfo = Naiyl;
		};
/* End PBXContainerItemProxy section */

/* Begin PBXFileReference section */
		1CA89C24323A8291C584CD15 /* Pods-Naiyl.debug.xcconfig */ = {isa = PBXFileReference; includeInIndex = 1; lastKnownFileType = text.xcconfig; name = "Pods-Naiyl.debug.xcconfig"; path = "Target Support Files/Pods-Naiyl/Pods-Naiyl.debug.xcconfig"; sourceTree = "<group>"; };
		287EE4372AD1BC2100CB9D16 /* Naiyl.app */ = {isa = PBXFileReference; explicitFileType = wrapper.application; includeInIndex = 0; path = Naiyl.app; sourceTree = BUILT_PRODUCTS_DIR; };
		287EE43A2AD1BC2100CB9D16 /* AppDelegate.swift */ = {isa = PBXFileReference; lastKnownFileType = sourcecode.swift; path = AppDelegate.swift; sourceTree = "<group>"; };
		287EE43C2AD1BC2100CB9D16 /* SceneDelegate.swift */ = {isa = PBXFileReference; lastKnownFileType = sourcecode.swift; path = SceneDelegate.swift; sourceTree = "<group>"; };
		287EE4432AD1BC2200CB9D16 /* Assets.xcassets */ = {isa = PBXFileReference; lastKnownFileType = folder.assetcatalog; path = Assets.xcassets; sourceTree = "<group>"; };
		287EE4462AD1BC2200CB9D16 /* Base */ = {isa = PBXFileReference; lastKnownFileType = file.storyboard; name = Base; path = Base.lproj/LaunchScreen.storyboard; sourceTree = "<group>"; };
		287EE4482AD1BC2200CB9D16 /* Info.plist */ = {isa = PBXFileReference; lastKnownFileType = text.plist.xml; path = Info.plist; sourceTree = "<group>"; };
		287EE44D2AD1BC2200CB9D16 /* NaiylTests.xctest */ = {isa = PBXFileReference; explicitFileType = wrapper.cfbundle; includeInIndex = 0; path = NaiylTests.xctest; sourceTree = BUILT_PRODUCTS_DIR; };
		287EE4512AD1BC2200CB9D16 /* NaiylTests.swift */ = {isa = PBXFileReference; lastKnownFileType = sourcecode.swift; path = NaiylTests.swift; sourceTree = "<group>"; };
		287EE4572AD1BC2200CB9D16 /* NaiylUITests.xctest */ = {isa = PBXFileReference; explicitFileType = wrapper.cfbundle; includeInIndex = 0; path = NaiylUITests.xctest; sourceTree = BUILT_PRODUCTS_DIR; };
		287EE45B2AD1BC2200CB9D16 /* NaiylUITests.swift */ = {isa = PBXFileReference; lastKnownFileType = sourcecode.swift; path = NaiylUITests.swift; sourceTree = "<group>"; };
		287EE45D2AD1BC2200CB9D16 /* NaiylUITestsLaunchTests.swift */ = {isa = PBXFileReference; lastKnownFileType = sourcecode.swift; path = NaiylUITestsLaunchTests.swift; sourceTree = "<group>"; };
		370AFDEAC4953C91DE67F087 /* Pods_Naiyl.framework */ = {isa = PBXFileReference; explicitFileType = wrapper.framework; includeInIndex = 0; path = Pods_Naiyl.framework; sourceTree = BUILT_PRODUCTS_DIR; };
		384CC9782E344BC83E7D7EE9 /* Pods_Naiyl_NaiylUITests.framework */ = {isa = PBXFileReference; explicitFileType = wrapper.framework; includeInIndex = 0; path = Pods_Naiyl_NaiylUITests.framework; sourceTree = BUILT_PRODUCTS_DIR; };
		39EF7AD78D6B510190C13856 /* Pods-Naiyl-NaiylUITests.release.xcconfig */ = {isa = PBXFileReference; includeInIndex = 1; lastKnownFileType = text.xcconfig; name = "Pods-Naiyl-NaiylUITests.release.xcconfig"; path = "Target Support Files/Pods-Naiyl-NaiylUITests/Pods-Naiyl-NaiylUITests.release.xcconfig"; sourceTree = "<group>"; };
		56629EC72B63266A0EB4583E /* Pods-NaiylTests.debug.xcconfig */ = {isa = PBXFileReference; includeInIndex = 1; lastKnownFileType = text.xcconfig; name = "Pods-NaiylTests.debug.xcconfig"; path = "Target Support Files/Pods-NaiylTests/Pods-NaiylTests.debug.xcconfig"; sourceTree = "<group>"; };
		615385A44D1D7C173E626EAB /* Pods-Naiyl.release.xcconfig */ = {isa = PBXFileReference; includeInIndex = 1; lastKnownFileType = text.xcconfig; name = "Pods-Naiyl.release.xcconfig"; path = "Target Support Files/Pods-Naiyl/Pods-Naiyl.release.xcconfig"; sourceTree = "<group>"; };
		72DB2583403F8CA46F305E82 /* Pods-Naiyl-NaiylUITests.debug.xcconfig */ = {isa = PBXFileReference; includeInIndex = 1; lastKnownFileType = text.xcconfig; name = "Pods-Naiyl-NaiylUITests.debug.xcconfig"; path = "Target Support Files/Pods-Naiyl-NaiylUITests/Pods-Naiyl-NaiylUITests.debug.xcconfig"; sourceTree = "<group>"; };
		7B032AEC9F18A0AD715DDCD4 /* Pods_NaiylTests.framework */ = {isa = PBXFileReference; explicitFileType = wrapper.framework; includeInIndex = 0; path = Pods_NaiylTests.framework; sourceTree = BUILT_PRODUCTS_DIR; };
		7C727FB224719D6A0CD7CD32 /* Pods-NaiylTests.release.xcconfig */ = {isa = PBXFileReference; includeInIndex = 1; lastKnownFileType = text.xcconfig; name = "Pods-NaiylTests.release.xcconfig"; path = "Target Support Files/Pods-NaiylTests/Pods-NaiylTests.release.xcconfig"; sourceTree = "<group>"; };
/* End PBXFileReference section */

/* Begin PBXFrameworksBuildPhase section */
		287EE4342AD1BC2100CB9D16 /* Frameworks */ = {
			isa = PBXFrameworksBuildPhase;
			buildActionMask = 2147483647;
			files = (
				E9996EE2C386C866E3D9D27D /* Pods_Naiyl.framework in Frameworks */,
			);
			runOnlyForDeploymentPostprocessing = 0;
		};
		287EE44A2AD1BC2200CB9D16 /* Frameworks */ = {
			isa = PBXFrameworksBuildPhase;
			buildActionMask = 2147483647;
			files = (
				AA14342312223650C2198BF6 /* Pods_NaiylTests.framework in Frameworks */,
			);
			runOnlyForDeploymentPostprocessing = 0;
		};
		287EE4542AD1BC2200CB9D16 /* Frameworks */ = {
			isa = PBXFrameworksBuildPhase;
			buildActionMask = 2147483647;
			files = (
				6258434F33C940EE43915004 /* Pods_Naiyl_NaiylUITests.framework in Frameworks */,
			);
			runOnlyForDeploymentPostprocessing = 0;
		};
/* End PBXFrameworksBuildPhase section */

/* Begin PBXGroup section */
		287EE42E2AD1BC2100CB9D16 = {
			isa = PBXGroup;
			children = (
				287EE4392AD1BC2100CB9D16 /* Naiyl */,
				287EE4502AD1BC2200CB9D16 /* NaiylTests */,
				287EE45A2AD1BC2200CB9D16 /* NaiylUITests */,
				287EE4382AD1BC2100CB9D16 /* Products */,
				DBE21070808AF5B27DD7C373 /* Pods */,
				F1638C93F65A3DABD129C5F3 /* Frameworks */,
			);
			sourceTree = "<group>";
		};
		287EE4382AD1BC2100CB9D16 /* Products */ = {
			isa = PBXGroup;
			children = (
				287EE4372AD1BC2100CB9D16 /* Naiyl.app */,
				287EE44D2AD1BC2200CB9D16 /* NaiylTests.xctest */,
				287EE4572AD1BC2200CB9D16 /* NaiylUITests.xctest */,
			);
			name = Products;
			sourceTree = "<group>";
		};
		287EE4392AD1BC2100CB9D16 /* Naiyl */ = {
			isa = PBXGroup;
			children = (
				287EE46A2AD1C01200CB9D16 /* Application */,
				287EE46B2AD1C01900CB9D16 /* Resources */,
			);
			path = Naiyl;
			sourceTree = "<group>";
		};
		287EE4502AD1BC2200CB9D16 /* NaiylTests */ = {
			isa = PBXGroup;
			children = (
				287EE4512AD1BC2200CB9D16 /* NaiylTests.swift */,
			);
			path = NaiylTests;
			sourceTree = "<group>";
		};
		287EE45A2AD1BC2200CB9D16 /* NaiylUITests */ = {
			isa = PBXGroup;
			children = (
				287EE45B2AD1BC2200CB9D16 /* NaiylUITests.swift */,
				287EE45D2AD1BC2200CB9D16 /* NaiylUITestsLaunchTests.swift */,
			);
			path = NaiylUITests;
			sourceTree = "<group>";
		};
		287EE46A2AD1C01200CB9D16 /* Application */ = {
			isa = PBXGroup;
			children = (
				287EE43C2AD1BC2100CB9D16 /* SceneDelegate.swift */,
				287EE43A2AD1BC2100CB9D16 /* AppDelegate.swift */,
			);
			path = Application;
			sourceTree = "<group>";
		};
		287EE46B2AD1C01900CB9D16 /* Resources */ = {
			isa = PBXGroup;
			children = (
				287EE4432AD1BC2200CB9D16 /* Assets.xcassets */,
				287EE4452AD1BC2200CB9D16 /* LaunchScreen.storyboard */,
				287EE4482AD1BC2200CB9D16 /* Info.plist */,
			);
			path = Resources;
			sourceTree = "<group>";
		};
		DBE21070808AF5B27DD7C373 /* Pods */ = {
			isa = PBXGroup;
			children = (
				1CA89C24323A8291C584CD15 /* Pods-Naiyl.debug.xcconfig */,
				615385A44D1D7C173E626EAB /* Pods-Naiyl.release.xcconfig */,
				72DB2583403F8CA46F305E82 /* Pods-Naiyl-NaiylUITests.debug.xcconfig */,
				39EF7AD78D6B510190C13856 /* Pods-Naiyl-NaiylUITests.release.xcconfig */,
				56629EC72B63266A0EB4583E /* Pods-NaiylTests.debug.xcconfig */,
				7C727FB224719D6A0CD7CD32 /* Pods-NaiylTests.release.xcconfig */,
			);
			path = Pods;
			sourceTree = "<group>";
		};
		F1638C93F65A3DABD129C5F3 /* Frameworks */ = {
			isa = PBXGroup;
			children = (
				370AFDEAC4953C91DE67F087 /* Pods_Naiyl.framework */,
				384CC9782E344BC83E7D7EE9 /* Pods_Naiyl_NaiylUITests.framework */,
				7B032AEC9F18A0AD715DDCD4 /* Pods_NaiylTests.framework */,
			);
			name = Frameworks;
			sourceTree = "<group>";
		};
/* End PBXGroup section */

/* Begin PBXNativeTarget section */
		287EE4362AD1BC2100CB9D16 /* Naiyl */ = {
			isa = PBXNativeTarget;
			buildConfigurationList = 287EE4612AD1BC2200CB9D16 /* Build configuration list for PBXNativeTarget "Naiyl" */;
			buildPhases = (
				C3C9961F1062FCEEF758F7C1 /* [CP] Check Pods Manifest.lock */,
				287EE4332AD1BC2100CB9D16 /* Sources */,
				287EE4342AD1BC2100CB9D16 /* Frameworks */,
				287EE4352AD1BC2100CB9D16 /* Resources */,
				A4CBC8D9774C315F9E41305C /* [CP] Embed Pods Frameworks */,
			);
			buildRules = (
			);
			dependencies = (
			);
			name = Naiyl;
			productName = Naiyl;
			productReference = 287EE4372AD1BC2100CB9D16 /* Naiyl.app */;
			productType = "com.apple.product-type.application";
		};
		287EE44C2AD1BC2200CB9D16 /* NaiylTests */ = {
			isa = PBXNativeTarget;
			buildConfigurationList = 287EE4642AD1BC2200CB9D16 /* Build configuration list for PBXNativeTarget "NaiylTests" */;
			buildPhases = (
				99D952C872B19C5040569317 /* [CP] Check Pods Manifest.lock */,
				287EE4492AD1BC2200CB9D16 /* Sources */,
				287EE44A2AD1BC2200CB9D16 /* Frameworks */,
				287EE44B2AD1BC2200CB9D16 /* Resources */,
			);
			buildRules = (
			);
			dependencies = (
				287EE44F2AD1BC2200CB9D16 /* PBXTargetDependency */,
			);
			name = NaiylTests;
			productName = NaiylTests;
			productReference = 287EE44D2AD1BC2200CB9D16 /* NaiylTests.xctest */;
			productType = "com.apple.product-type.bundle.unit-test";
		};
		287EE4562AD1BC2200CB9D16 /* NaiylUITests */ = {
			isa = PBXNativeTarget;
			buildConfigurationList = 287EE4672AD1BC2200CB9D16 /* Build configuration list for PBXNativeTarget "NaiylUITests" */;
			buildPhases = (
				8BEA228437BD7F02CED49A0F /* [CP] Check Pods Manifest.lock */,
				287EE4532AD1BC2200CB9D16 /* Sources */,
				287EE4542AD1BC2200CB9D16 /* Frameworks */,
				287EE4552AD1BC2200CB9D16 /* Resources */,
				773E4E9EAE7FFD9C0B1C9EFA /* [CP] Embed Pods Frameworks */,
			);
			buildRules = (
			);
			dependencies = (
				287EE4592AD1BC2200CB9D16 /* PBXTargetDependency */,
			);
			name = NaiylUITests;
			productName = NaiylUITests;
			productReference = 287EE4572AD1BC2200CB9D16 /* NaiylUITests.xctest */;
			productType = "com.apple.product-type.bundle.ui-testing";
		};
/* End PBXNativeTarget section */

/* Begin PBXProject section */
		287EE42F2AD1BC2100CB9D16 /* Project object */ = {
			isa = PBXProject;
			attributes = {
				BuildIndependentTargetsInParallel = 1;
				LastSwiftUpdateCheck = 1430;
				LastUpgradeCheck = 1430;
				TargetAttributes = {
					287EE4362AD1BC2100CB9D16 = {
						CreatedOnToolsVersion = 14.3.1;
					};
					287EE44C2AD1BC2200CB9D16 = {
						CreatedOnToolsVersion = 14.3.1;
						TestTargetID = 287EE4362AD1BC2100CB9D16;
					};
					287EE4562AD1BC2200CB9D16 = {
						CreatedOnToolsVersion = 14.3.1;
						TestTargetID = 287EE4362AD1BC2100CB9D16;
					};
				};
			};
			buildConfigurationList = 287EE4322AD1BC2100CB9D16 /* Build configuration list for PBXProject "Naiyl" */;
			compatibilityVersion = "Xcode 13.0";
			developmentRegion = en;
			hasScannedForEncodings = 0;
			knownRegions = (
				en,
				Base,
			);
			mainGroup = 287EE42E2AD1BC2100CB9D16;
			productRefGroup = 287EE4382AD1BC2100CB9D16 /* Products */;
			projectDirPath = "";
			projectRoot = "";
			targets = (
				287EE4362AD1BC2100CB9D16 /* Naiyl */,
				287EE44C2AD1BC2200CB9D16 /* NaiylTests */,
				287EE4562AD1BC2200CB9D16 /* NaiylUITests */,
			);
		};
/* End PBXProject section */

/* Begin PBXResourcesBuildPhase section */
		287EE4352AD1BC2100CB9D16 /* Resources */ = {
			isa = PBXResourcesBuildPhase;
			buildActionMask = 2147483647;
			files = (
				287EE4472AD1BC2200CB9D16 /* LaunchScreen.storyboard in Resources */,
				287EE4442AD1BC2200CB9D16 /* Assets.xcassets in Resources */,
			);
			runOnlyForDeploymentPostprocessing = 0;
		};
		287EE44B2AD1BC2200CB9D16 /* Resources */ = {
			isa = PBXResourcesBuildPhase;
			buildActionMask = 2147483647;
			files = (
			);
			runOnlyForDeploymentPostprocessing = 0;
		};
		287EE4552AD1BC2200CB9D16 /* Resources */ = {
			isa = PBXResourcesBuildPhase;
			buildActionMask = 2147483647;
			files = (
			);
			runOnlyForDeploymentPostprocessing = 0;
		};
/* End PBXResourcesBuildPhase section */

/* Begin PBXShellScriptBuildPhase section */
		773E4E9EAE7FFD9C0B1C9EFA /* [CP] Embed Pods Frameworks */ = {
			isa = PBXShellScriptBuildPhase;
			buildActionMask = 2147483647;
			files = (
			);
			inputFileListPaths = (
				"${PODS_ROOT}/Target Support Files/Pods-Naiyl-NaiylUITests/Pods-Naiyl-NaiylUITests-frameworks-${CONFIGURATION}-input-files.xcfilelist",
			);
			name = "[CP] Embed Pods Frameworks";
			outputFileListPaths = (
				"${PODS_ROOT}/Target Support Files/Pods-Naiyl-NaiylUITests/Pods-Naiyl-NaiylUITests-frameworks-${CONFIGURATION}-output-files.xcfilelist",
			);
			runOnlyForDeploymentPostprocessing = 0;
			shellPath = /bin/sh;
			shellScript = "\"${PODS_ROOT}/Target Support Files/Pods-Naiyl-NaiylUITests/Pods-Naiyl-NaiylUITests-frameworks.sh\"\n";
			showEnvVarsInLog = 0;
		};
		8BEA228437BD7F02CED49A0F /* [CP] Check Pods Manifest.lock */ = {
			isa = PBXShellScriptBuildPhase;
			buildActionMask = 2147483647;
			files = (
			);
			inputFileListPaths = (
			);
			inputPaths = (
				"${PODS_PODFILE_DIR_PATH}/Podfile.lock",
				"${PODS_ROOT}/Manifest.lock",
			);
			name = "[CP] Check Pods Manifest.lock";
			outputFileListPaths = (
			);
			outputPaths = (
				"$(DERIVED_FILE_DIR)/Pods-Naiyl-NaiylUITests-checkManifestLockResult.txt",
			);
			runOnlyForDeploymentPostprocessing = 0;
			shellPath = /bin/sh;
			shellScript = "diff \"${PODS_PODFILE_DIR_PATH}/Podfile.lock\" \"${PODS_ROOT}/Manifest.lock\" > /dev/null\nif [ $? != 0 ] ; then\n    # print error to STDERR\n    echo \"error: The sandbox is not in sync with the Podfile.lock. Run 'pod install' or update your CocoaPods installation.\" >&2\n    exit 1\nfi\n# This output is used by Xcode 'outputs' to avoid re-running this script phase.\necho \"SUCCESS\" > \"${SCRIPT_OUTPUT_FILE_0}\"\n";
			showEnvVarsInLog = 0;
		};
		99D952C872B19C5040569317 /* [CP] Check Pods Manifest.lock */ = {
			isa = PBXShellScriptBuildPhase;
			buildActionMask = 2147483647;
			files = (
			);
			inputFileListPaths = (
			);
			inputPaths = (
				"${PODS_PODFILE_DIR_PATH}/Podfile.lock",
				"${PODS_ROOT}/Manifest.lock",
			);
			name = "[CP] Check Pods Manifest.lock";
			outputFileListPaths = (
			);
			outputPaths = (
				"$(DERIVED_FILE_DIR)/Pods-NaiylTests-checkManifestLockResult.txt",
			);
			runOnlyForDeploymentPostprocessing = 0;
			shellPath = /bin/sh;
			shellScript = "diff \"${PODS_PODFILE_DIR_PATH}/Podfile.lock\" \"${PODS_ROOT}/Manifest.lock\" > /dev/null\nif [ $? != 0 ] ; then\n    # print error to STDERR\n    echo \"error: The sandbox is not in sync with the Podfile.lock. Run 'pod install' or update your CocoaPods installation.\" >&2\n    exit 1\nfi\n# This output is used by Xcode 'outputs' to avoid re-running this script phase.\necho \"SUCCESS\" > \"${SCRIPT_OUTPUT_FILE_0}\"\n";
			showEnvVarsInLog = 0;
		};
		A4CBC8D9774C315F9E41305C /* [CP] Embed Pods Frameworks */ = {
			isa = PBXShellScriptBuildPhase;
			buildActionMask = 2147483647;
			files = (
			);
			inputFileListPaths = (
				"${PODS_ROOT}/Target Support Files/Pods-Naiyl/Pods-Naiyl-frameworks-${CONFIGURATION}-input-files.xcfilelist",
			);
			name = "[CP] Embed Pods Frameworks";
			outputFileListPaths = (
				"${PODS_ROOT}/Target Support Files/Pods-Naiyl/Pods-Naiyl-frameworks-${CONFIGURATION}-output-files.xcfilelist",
			);
			runOnlyForDeploymentPostprocessing = 0;
			shellPath = /bin/sh;
			shellScript = "\"${PODS_ROOT}/Target Support Files/Pods-Naiyl/Pods-Naiyl-frameworks.sh\"\n";
			showEnvVarsInLog = 0;
		};
		C3C9961F1062FCEEF758F7C1 /* [CP] Check Pods Manifest.lock */ = {
			isa = PBXShellScriptBuildPhase;
			buildActionMask = 2147483647;
			files = (
			);
			inputFileListPaths = (
			);
			inputPaths = (
				"${PODS_PODFILE_DIR_PATH}/Podfile.lock",
				"${PODS_ROOT}/Manifest.lock",
			);
			name = "[CP] Check Pods Manifest.lock";
			outputFileListPaths = (
			);
			outputPaths = (
				"$(DERIVED_FILE_DIR)/Pods-Naiyl-checkManifestLockResult.txt",
			);
			runOnlyForDeploymentPostprocessing = 0;
			shellPath = /bin/sh;
			shellScript = "diff \"${PODS_PODFILE_DIR_PATH}/Podfile.lock\" \"${PODS_ROOT}/Manifest.lock\" > /dev/null\nif [ $? != 0 ] ; then\n    # print error to STDERR\n    echo \"error: The sandbox is not in sync with the Podfile.lock. Run 'pod install' or update your CocoaPods installation.\" >&2\n    exit 1\nfi\n# This output is used by Xcode 'outputs' to avoid re-running this script phase.\necho \"SUCCESS\" > \"${SCRIPT_OUTPUT_FILE_0}\"\n";
			showEnvVarsInLog = 0;
		};
/* End PBXShellScriptBuildPhase section */

/* Begin PBXSourcesBuildPhase section */
		287EE4332AD1BC2100CB9D16 /* Sources */ = {
			isa = PBXSourcesBuildPhase;
			buildActionMask = 2147483647;
			files = (
				287EE43B2AD1BC2100CB9D16 /* AppDelegate.swift in Sources */,
				287EE43D2AD1BC2100CB9D16 /* SceneDelegate.swift in Sources */,
			);
			runOnlyForDeploymentPostprocessing = 0;
		};
		287EE4492AD1BC2200CB9D16 /* Sources */ = {
			isa = PBXSourcesBuildPhase;
			buildActionMask = 2147483647;
			files = (
				287EE4522AD1BC2200CB9D16 /* NaiylTests.swift in Sources */,
			);
			runOnlyForDeploymentPostprocessing = 0;
		};
		287EE4532AD1BC2200CB9D16 /* Sources */ = {
			isa = PBXSourcesBuildPhase;
			buildActionMask = 2147483647;
			files = (
				287EE45E2AD1BC2200CB9D16 /* NaiylUITestsLaunchTests.swift in Sources */,
				287EE45C2AD1BC2200CB9D16 /* NaiylUITests.swift in Sources */,
			);
			runOnlyForDeploymentPostprocessing = 0;
		};
/* End PBXSourcesBuildPhase section */

/* Begin PBXTargetDependency section */
		287EE44F2AD1BC2200CB9D16 /* PBXTargetDependency */ = {
			isa = PBXTargetDependency;
			target = 287EE4362AD1BC2100CB9D16 /* Naiyl */;
			targetProxy = 287EE44E2AD1BC2200CB9D16 /* PBXContainerItemProxy */;
		};
		287EE4592AD1BC2200CB9D16 /* PBXTargetDependency */ = {
			isa = PBXTargetDependency;
			target = 287EE4362AD1BC2100CB9D16 /* Naiyl */;
			targetProxy = 287EE4582AD1BC2200CB9D16 /* PBXContainerItemProxy */;
		};
/* End PBXTargetDependency section */

/* Begin PBXVariantGroup section */
		287EE4452AD1BC2200CB9D16 /* LaunchScreen.storyboard */ = {
			isa = PBXVariantGroup;
			children = (
				287EE4462AD1BC2200CB9D16 /* Base */,
			);
			name = LaunchScreen.storyboard;
			sourceTree = "<group>";
		};
/* End PBXVariantGroup section */

/* Begin XCBuildConfiguration section */
		287EE45F2AD1BC2200CB9D16 /* Debug */ = {
			isa = XCBuildConfiguration;
			buildSettings = {
				ALWAYS_SEARCH_USER_PATHS = NO;
				CLANG_ANALYZER_NONNULL = YES;
				CLANG_ANALYZER_NUMBER_OBJECT_CONVERSION = YES_AGGRESSIVE;
				CLANG_CXX_LANGUAGE_STANDARD = "gnu++20";
				CLANG_ENABLE_MODULES = YES;
				CLANG_ENABLE_OBJC_ARC = YES;
				CLANG_ENABLE_OBJC_WEAK = YES;
				CLANG_WARN_BLOCK_CAPTURE_AUTORELEASING = YES;
				CLANG_WARN_BOOL_CONVERSION = YES;
				CLANG_WARN_COMMA = YES;
				CLANG_WARN_CONSTANT_CONVERSION = YES;
				CLANG_WARN_DEPRECATED_OBJC_IMPLEMENTATIONS = YES;
				CLANG_WARN_DIRECT_OBJC_ISA_USAGE = YES_ERROR;
				CLANG_WARN_DOCUMENTATION_COMMENTS = YES;
				CLANG_WARN_EMPTY_BODY = YES;
				CLANG_WARN_ENUM_CONVERSION = YES;
				CLANG_WARN_INFINITE_RECURSION = YES;
				CLANG_WARN_INT_CONVERSION = YES;
				CLANG_WARN_NON_LITERAL_NULL_CONVERSION = YES;
				CLANG_WARN_OBJC_IMPLICIT_RETAIN_SELF = YES;
				CLANG_WARN_OBJC_LITERAL_CONVERSION = YES;
				CLANG_WARN_OBJC_ROOT_CLASS = YES_ERROR;
				CLANG_WARN_QUOTED_INCLUDE_IN_FRAMEWORK_HEADER = YES;
				CLANG_WARN_RANGE_LOOP_ANALYSIS = YES;
				CLANG_WARN_STRICT_PROTOTYPES = YES;
				CLANG_WARN_SUSPICIOUS_MOVE = YES;
				CLANG_WARN_UNGUARDED_AVAILABILITY = YES_AGGRESSIVE;
				CLANG_WARN_UNREACHABLE_CODE = YES;
				CLANG_WARN__DUPLICATE_METHOD_MATCH = YES;
				COPY_PHASE_STRIP = NO;
				DEBUG_INFORMATION_FORMAT = dwarf;
				ENABLE_STRICT_OBJC_MSGSEND = YES;
				ENABLE_TESTABILITY = YES;
				GCC_C_LANGUAGE_STANDARD = gnu11;
				GCC_DYNAMIC_NO_PIC = NO;
				GCC_NO_COMMON_BLOCKS = YES;
				GCC_OPTIMIZATION_LEVEL = 0;
				GCC_PREPROCESSOR_DEFINITIONS = (
					"DEBUG=1",
					"$(inherited)",
				);
				GCC_WARN_64_TO_32_BIT_CONVERSION = YES;
				GCC_WARN_ABOUT_RETURN_TYPE = YES_ERROR;
				GCC_WARN_UNDECLARED_SELECTOR = YES;
				GCC_WARN_UNINITIALIZED_AUTOS = YES_AGGRESSIVE;
				GCC_WARN_UNUSED_FUNCTION = YES;
				GCC_WARN_UNUSED_VARIABLE = YES;
				IPHONEOS_DEPLOYMENT_TARGET = 15.0;
				MTL_ENABLE_DEBUG_INFO = INCLUDE_SOURCE;
				MTL_FAST_MATH = YES;
				ONLY_ACTIVE_ARCH = YES;
				SDKROOT = iphoneos;
				SWIFT_ACTIVE_COMPILATION_CONDITIONS = DEBUG;
				SWIFT_OPTIMIZATION_LEVEL = "-Onone";
			};
			name = Debug;
		};
		287EE4602AD1BC2200CB9D16 /* Release */ = {
			isa = XCBuildConfiguration;
			buildSettings = {
				ALWAYS_SEARCH_USER_PATHS = NO;
				CLANG_ANALYZER_NONNULL = YES;
				CLANG_ANALYZER_NUMBER_OBJECT_CONVERSION = YES_AGGRESSIVE;
				CLANG_CXX_LANGUAGE_STANDARD = "gnu++20";
				CLANG_ENABLE_MODULES = YES;
				CLANG_ENABLE_OBJC_ARC = YES;
				CLANG_ENABLE_OBJC_WEAK = YES;
				CLANG_WARN_BLOCK_CAPTURE_AUTORELEASING = YES;
				CLANG_WARN_BOOL_CONVERSION = YES;
				CLANG_WARN_COMMA = YES;
				CLANG_WARN_CONSTANT_CONVERSION = YES;
				CLANG_WARN_DEPRECATED_OBJC_IMPLEMENTATIONS = YES;
				CLANG_WARN_DIRECT_OBJC_ISA_USAGE = YES_ERROR;
				CLANG_WARN_DOCUMENTATION_COMMENTS = YES;
				CLANG_WARN_EMPTY_BODY = YES;
				CLANG_WARN_ENUM_CONVERSION = YES;
				CLANG_WARN_INFINITE_RECURSION = YES;
				CLANG_WARN_INT_CONVERSION = YES;
				CLANG_WARN_NON_LITERAL_NULL_CONVERSION = YES;
				CLANG_WARN_OBJC_IMPLICIT_RETAIN_SELF = YES;
				CLANG_WARN_OBJC_LITERAL_CONVERSION = YES;
				CLANG_WARN_OBJC_ROOT_CLASS = YES_ERROR;
				CLANG_WARN_QUOTED_INCLUDE_IN_FRAMEWORK_HEADER = YES;
				CLANG_WARN_RANGE_LOOP_ANALYSIS = YES;
				CLANG_WARN_STRICT_PROTOTYPES = YES;
				CLANG_WARN_SUSPICIOUS_MOVE = YES;
				CLANG_WARN_UNGUARDED_AVAILABILITY = YES_AGGRESSIVE;
				CLANG_WARN_UNREACHABLE_CODE = YES;
				CLANG_WARN__DUPLICATE_METHOD_MATCH = YES;
				COPY_PHASE_STRIP = NO;
				DEBUG_INFORMATION_FORMAT = "dwarf-with-dsym";
				ENABLE_NS_ASSERTIONS = NO;
				ENABLE_STRICT_OBJC_MSGSEND = YES;
				GCC_C_LANGUAGE_STANDARD = gnu11;
				GCC_NO_COMMON_BLOCKS = YES;
				GCC_WARN_64_TO_32_BIT_CONVERSION = YES;
				GCC_WARN_ABOUT_RETURN_TYPE = YES_ERROR;
				GCC_WARN_UNDECLARED_SELECTOR = YES;
				GCC_WARN_UNINITIALIZED_AUTOS = YES_AGGRESSIVE;
				GCC_WARN_UNUSED_FUNCTION = YES;
				GCC_WARN_UNUSED_VARIABLE = YES;
				IPHONEOS_DEPLOYMENT_TARGET = 15.0;
				MTL_ENABLE_DEBUG_INFO = NO;
				MTL_FAST_MATH = YES;
				SDKROOT = iphoneos;
				SWIFT_COMPILATION_MODE = wholemodule;
				SWIFT_OPTIMIZATION_LEVEL = "-O";
				VALIDATE_PRODUCT = YES;
			};
			name = Release;
		};
		287EE4622AD1BC2200CB9D16 /* Debug */ = {
			isa = XCBuildConfiguration;
			baseConfigurationReference = 1CA89C24323A8291C584CD15 /* Pods-Naiyl.debug.xcconfig */;
			buildSettings = {
				ASSETCATALOG_COMPILER_APPICON_NAME = AppIcon;
				ASSETCATALOG_COMPILER_GLOBAL_ACCENT_COLOR_NAME = AccentColor;
				CODE_SIGN_STYLE = Automatic;
				CURRENT_PROJECT_VERSION = 1;
				GENERATE_INFOPLIST_FILE = YES;
				INFOPLIST_FILE = Naiyl/Info.plist;
				INFOPLIST_KEY_UIApplicationSupportsIndirectInputEvents = YES;
				INFOPLIST_KEY_UILaunchStoryboardName = LaunchScreen;
				INFOPLIST_KEY_UISupportedInterfaceOrientations_iPad = "UIInterfaceOrientationPortrait UIInterfaceOrientationPortraitUpsideDown UIInterfaceOrientationLandscapeLeft UIInterfaceOrientationLandscapeRight";
				INFOPLIST_KEY_UISupportedInterfaceOrientations_iPhone = "UIInterfaceOrientationPortrait UIInterfaceOrientationLandscapeLeft UIInterfaceOrientationLandscapeRight";
				LD_RUNPATH_SEARCH_PATHS = (
					"$(inherited)",
					"@executable_path/Frameworks",
				);
				MARKETING_VERSION = 1.0;
				PRODUCT_BUNDLE_IDENTIFIER = naiyl.Naiyl;
				PRODUCT_NAME = "$(TARGET_NAME)";
				SWIFT_EMIT_LOC_STRINGS = YES;
				SWIFT_VERSION = 5.0;
				TARGETED_DEVICE_FAMILY = "1,2";
			};
			name = Debug;
		};
		287EE4632AD1BC2200CB9D16 /* Release */ = {
			isa = XCBuildConfiguration;
			baseConfigurationReference = 615385A44D1D7C173E626EAB /* Pods-Naiyl.release.xcconfig */;
			buildSettings = {
				ASSETCATALOG_COMPILER_APPICON_NAME = AppIcon;
				ASSETCATALOG_COMPILER_GLOBAL_ACCENT_COLOR_NAME = AccentColor;
				CODE_SIGN_STYLE = Automatic;
				CURRENT_PROJECT_VERSION = 1;
				GENERATE_INFOPLIST_FILE = YES;
				INFOPLIST_FILE = Naiyl/Info.plist;
				INFOPLIST_KEY_UIApplicationSupportsIndirectInputEvents = YES;
				INFOPLIST_KEY_UILaunchStoryboardName = LaunchScreen;
				INFOPLIST_KEY_UISupportedInterfaceOrientations_iPad = "UIInterfaceOrientationPortrait UIInterfaceOrientationPortraitUpsideDown UIInterfaceOrientationLandscapeLeft UIInterfaceOrientationLandscapeRight";
				INFOPLIST_KEY_UISupportedInterfaceOrientations_iPhone = "UIInterfaceOrientationPortrait UIInterfaceOrientationLandscapeLeft UIInterfaceOrientationLandscapeRight";
				LD_RUNPATH_SEARCH_PATHS = (
					"$(inherited)",
					"@executable_path/Frameworks",
				);
				MARKETING_VERSION = 1.0;
				PRODUCT_BUNDLE_IDENTIFIER = naiyl.Naiyl;
				PRODUCT_NAME = "$(TARGET_NAME)";
				SWIFT_EMIT_LOC_STRINGS = YES;
				SWIFT_VERSION = 5.0;
				TARGETED_DEVICE_FAMILY = "1,2";
			};
			name = Release;
		};
		287EE4652AD1BC2200CB9D16 /* Debug */ = {
			isa = XCBuildConfiguration;
			baseConfigurationReference = 56629EC72B63266A0EB4583E /* Pods-NaiylTests.debug.xcconfig */;
			buildSettings = {
				ALWAYS_EMBED_SWIFT_STANDARD_LIBRARIES = YES;
				BUNDLE_LOADER = "$(TEST_HOST)";
				CODE_SIGN_STYLE = Automatic;
				CURRENT_PROJECT_VERSION = 1;
				GENERATE_INFOPLIST_FILE = YES;
				IPHONEOS_DEPLOYMENT_TARGET = 16.4;
				MARKETING_VERSION = 1.0;
				PRODUCT_BUNDLE_IDENTIFIER = naiyl.NaiylTests;
				PRODUCT_NAME = "$(TARGET_NAME)";
				SWIFT_EMIT_LOC_STRINGS = NO;
				SWIFT_VERSION = 5.0;
				TARGETED_DEVICE_FAMILY = "1,2";
				TEST_HOST = "$(BUILT_PRODUCTS_DIR)/Naiyl.app/$(BUNDLE_EXECUTABLE_FOLDER_PATH)/Naiyl";
			};
			name = Debug;
		};
		287EE4662AD1BC2200CB9D16 /* Release */ = {
			isa = XCBuildConfiguration;
			baseConfigurationReference = 7C727FB224719D6A0CD7CD32 /* Pods-NaiylTests.release.xcconfig */;
			buildSettings = {
				ALWAYS_EMBED_SWIFT_STANDARD_LIBRARIES = YES;
				BUNDLE_LOADER = "$(TEST_HOST)";
				CODE_SIGN_STYLE = Automatic;
				CURRENT_PROJECT_VERSION = 1;
				GENERATE_INFOPLIST_FILE = YES;
				IPHONEOS_DEPLOYMENT_TARGET = 16.4;
				MARKETING_VERSION = 1.0;
				PRODUCT_BUNDLE_IDENTIFIER = naiyl.NaiylTests;
				PRODUCT_NAME = "$(TARGET_NAME)";
				SWIFT_EMIT_LOC_STRINGS = NO;
				SWIFT_VERSION = 5.0;
				TARGETED_DEVICE_FAMILY = "1,2";
				TEST_HOST = "$(BUILT_PRODUCTS_DIR)/Naiyl.app/$(BUNDLE_EXECUTABLE_FOLDER_PATH)/Naiyl";
			};
			name = Release;
		};
		287EE4682AD1BC2200CB9D16 /* Debug */ = {
			isa = XCBuildConfiguration;
			baseConfigurationReference = 72DB2583403F8CA46F305E82 /* Pods-Naiyl-NaiylUITests.debug.xcconfig */;
			buildSettings = {
				ALWAYS_EMBED_SWIFT_STANDARD_LIBRARIES = YES;
				CODE_SIGN_STYLE = Automatic;
				CURRENT_PROJECT_VERSION = 1;
				GENERATE_INFOPLIST_FILE = YES;
				MARKETING_VERSION = 1.0;
				PRODUCT_BUNDLE_IDENTIFIER = naiyl.NaiylUITests;
				PRODUCT_NAME = "$(TARGET_NAME)";
				SWIFT_EMIT_LOC_STRINGS = NO;
				SWIFT_VERSION = 5.0;
				TARGETED_DEVICE_FAMILY = "1,2";
				TEST_TARGET_NAME = Naiyl;
			};
			name = Debug;
		};
		287EE4692AD1BC2200CB9D16 /* Release */ = {
			isa = XCBuildConfiguration;
			baseConfigurationReference = 39EF7AD78D6B510190C13856 /* Pods-Naiyl-NaiylUITests.release.xcconfig */;
			buildSettings = {
				ALWAYS_EMBED_SWIFT_STANDARD_LIBRARIES = YES;
				CODE_SIGN_STYLE = Automatic;
				CURRENT_PROJECT_VERSION = 1;
				GENERATE_INFOPLIST_FILE = YES;
				MARKETING_VERSION = 1.0;
				PRODUCT_BUNDLE_IDENTIFIER = naiyl.NaiylUITests;
				PRODUCT_NAME = "$(TARGET_NAME)";
				SWIFT_EMIT_LOC_STRINGS = NO;
				SWIFT_VERSION = 5.0;
				TARGETED_DEVICE_FAMILY = "1,2";
				TEST_TARGET_NAME = Naiyl;
			};
			name = Release;
		};
/* End XCBuildConfiguration section */

/* Begin XCConfigurationList section */
		287EE4322AD1BC2100CB9D16 /* Build configuration list for PBXProject "Naiyl" */ = {
			isa = XCConfigurationList;
			buildConfigurations = (
				287EE45F2AD1BC2200CB9D16 /* Debug */,
				287EE4602AD1BC2200CB9D16 /* Release */,
			);
			defaultConfigurationIsVisible = 0;
			defaultConfigurationName = Release;
		};
		287EE4612AD1BC2200CB9D16 /* Build configuration list for PBXNativeTarget "Naiyl" */ = {
			isa = XCConfigurationList;
			buildConfigurations = (
				287EE4622AD1BC2200CB9D16 /* Debug */,
				287EE4632AD1BC2200CB9D16 /* Release */,
			);
			defaultConfigurationIsVisible = 0;
			defaultConfigurationName = Release;
		};
		287EE4642AD1BC2200CB9D16 /* Build configuration list for PBXNativeTarget "NaiylTests" */ = {
			isa = XCConfigurationList;
			buildConfigurations = (
				287EE4652AD1BC2200CB9D16 /* Debug */,
				287EE4662AD1BC2200CB9D16 /* Release */,
			);
			defaultConfigurationIsVisible = 0;
			defaultConfigurationName = Release;
		};
		287EE4672AD1BC2200CB9D16 /* Build configuration list for PBXNativeTarget "NaiylUITests" */ = {
			isa = XCConfigurationList;
			buildConfigurations = (
				287EE4682AD1BC2200CB9D16 /* Debug */,
				287EE4692AD1BC2200CB9D16 /* Release */,
			);
			defaultConfigurationIsVisible = 0;
			defaultConfigurationName = Release;
		};
/* End XCConfigurationList section */
	};
	rootObject = 287EE42F2AD1BC2100CB9D16 /* Project object */;
}
